{
  "name": "kroki-ci",
  "version": "1.0.0",
  "lockfileVersion": 3,
  "requires": true,
  "packages": {
    "": {
      "name": "kroki-ci",
      "version": "1.0.0",
      "dependencies": {
        "blocked-at": "^1.2.0"
      },
      "engines": {
        "node": ">=22"
      }
    },
    "node_modules/blocked-at": {
      "version": "1.2.0",
      "resolved": "https://registry.npmjs.org/blocked-at/-/blocked-at-1.2.0.tgz",
      "integrity": "sha512-Ba9yhK4KcFrgqEPgsU0qVGiMimf+VrD9QJo9pgwjg4yl0GXwgOJS8IRx2rPepQjalrmUdGTqX47bSuJLUMLX7w==",
      "license": "ISC"
    }
  }
}
